
Microsoft Visual Studio Solution File, Format Version 12.00
# Visual Studio 15
VisualStudioVersion = 15.0.28307.572
MinimumVisualStudioVersion = 10.0.40219.1
Project("{FAE04EC0-301F-11D3-BF4B-00C04F79EFBC}") = "csharp-example", "csharp-example\csharp-example.csproj", "{0593F2CE-89D0-4040-BA09-3CFB3EDAAC40}"
EndProject
Global
	GlobalSection(SolutionConfigurationPlatforms) = preSolution
		Debug|Any CPU = Debug|Any CPU
		Release|Any CPU = Release|Any CPU
	EndGlobalSection
	GlobalSection(ProjectConfigurationPlatforms) = postSolution
		{0593F2CE-89D0-4040-BA09-3CFB3EDAAC40}.Debug|Any CPU.ActiveCfg = Debug|Any CPU
		{0593F2CE-89D0-4040-BA09-3CFB3EDAAC40}.Debug|Any CPU.Build.0 = Debug|Any CPU
		{0593F2CE-89D0-4040-BA09-3CFB3EDAAC40}.Release|Any CPU.ActiveCfg = Release|Any CPU
		{0593F2CE-89D0-4040-BA09-3CFB3EDAAC40}.Release|Any CPU.Build.0 = Release|Any CPU
	EndGlobalSection
	GlobalSection(SolutionProperties) = preSolution
		HideSolutionNode = FALSE
	EndGlobalSection
	GlobalSection(ExtensibilityGlobals) = postSolution
		SolutionGuid = {9D6D0534-9A0F-4807-AE8A-6342C14B1967}
	EndGlobalSection
EndGlobal
