<?xml version="1.0" encoding="utf-8"?>
<Project ToolsVersion="4.0" xmlns="http://schemas.microsoft.com/developer/msbuild/2003">
  <ItemGroup>
    <Filter Include="소스 파일">
      <UniqueIdentifier>{4FC737F1-C7A5-4376-A066-2A32D752A2FF}</UniqueIdentifier>
      <Extensions>cpp;c;cc;cxx;def;odl;idl;hpj;bat;asm;asmx</Extensions>
    </Filter>
    <Filter Include="헤더 파일">
      <UniqueIdentifier>{93995380-89BD-4b04-88EB-625FBE52EBFB}</UniqueIdentifier>
      <Extensions>h;hh;hpp;hxx;hm;inl;inc;ipp;xsd</Extensions>
    </Filter>
    <Filter Include="리소스 파일">
      <UniqueIdentifier>{67DA6AB6-F800-4c08-8B7A-83BB121AAD01}</UniqueIdentifier>
      <Extensions>rc;ico;cur;bmp;dlg;rc2;rct;bin;rgs;gif;jpg;jpeg;jpe;resx;tiff;tif;png;wav;mfcribbon-ms</Extensions>
    </Filter>
    <Filter Include="01. Core">
      <UniqueIdentifier>{116b7cdb-6cf2-4256-9daf-a6aee928aa81}</UniqueIdentifier>
    </Filter>
    <Filter Include="02. Scene">
      <UniqueIdentifier>{02a7de04-59d7-4870-b42b-7f6f7b2e0c81}</UniqueIdentifier>
    </Filter>
    <Filter Include="03. Object">
      <UniqueIdentifier>{413d8ba6-c9e8-4d78-a5bd-5af62c5cf406}</UniqueIdentifier>
    </Filter>
    <Filter Include="03. Object\01. DynamicObject">
      <UniqueIdentifier>{f2d3b083-0625-4984-8663-bdf5920fbb64}</UniqueIdentifier>
    </Filter>
    <Filter Include="03. Object\02. StaticObject">
      <UniqueIdentifier>{b6207ff8-0d45-4717-ae72-5f42f44cdfad}</UniqueIdentifier>
    </Filter>
    <Filter Include="03. Object\01. DynamicObject\01. Player">
      <UniqueIdentifier>{a1a3d428-836d-4577-8a32-9d99f789d0ca}</UniqueIdentifier>
    </Filter>
    <Filter Include="03. Object\01. DynamicObject\02. Enemy">
      <UniqueIdentifier>{c3bf1b25-9569-4165-b6db-7ca58d1d7173}</UniqueIdentifier>
    </Filter>
    <Filter Include="03. Object\01. DynamicObject\03. Bullet">
      <UniqueIdentifier>{52359e10-eaf6-46ff-9424-d03e79880f54}</UniqueIdentifier>
    </Filter>
    <Filter Include="01. Core\02. Path">
      <UniqueIdentifier>{d55bda86-cb27-4d8d-a3ff-2b7c486b5ce9}</UniqueIdentifier>
    </Filter>
    <Filter Include="01. Core\01. Timer">
      <UniqueIdentifier>{db5f012f-adea-415e-87c9-26f13a3caf48}</UniqueIdentifier>
    </Filter>
    <Filter Include="02. Scene\01. Layer">
      <UniqueIdentifier>{26e70a91-b987-4452-b219-c95a6ee57e85}</UniqueIdentifier>
    </Filter>
    <Filter Include="04. Resource">
      <UniqueIdentifier>{91242bdd-54ae-4ba3-b456-8397a75e68d7}</UniqueIdentifier>
    </Filter>
  </ItemGroup>
  <ItemGroup>
    <ClCompile Include="main.cpp">
      <Filter>소스 파일</Filter>
    </ClCompile>
    <ClCompile Include="Scene\SceneManager.cpp">
      <Filter>02. Scene</Filter>
    </ClCompile>
    <ClCompile Include="Scene\Scene.cpp">
      <Filter>02. Scene</Filter>
    </ClCompile>
    <ClCompile Include="Scene\InGameScene.cpp">
      <Filter>02. Scene</Filter>
    </ClCompile>
    <ClCompile Include="Core\Timer.cpp">
      <Filter>01. Core\01. Timer</Filter>
    </ClCompile>
    <ClCompile Include="Scene\Layer.cpp">
      <Filter>02. Scene\01. Layer</Filter>
    </ClCompile>
    <ClCompile Include="Object\Object.cpp">
      <Filter>03. Object</Filter>
    </ClCompile>
    <ClCompile Include="Reference.cpp">
      <Filter>01. Core</Filter>
    </ClCompile>
    <ClCompile Include="Object\Player.cpp">
      <Filter>03. Object\01. DynamicObject\01. Player</Filter>
    </ClCompile>
    <ClCompile Include="Object\DynamicObject.cpp">
      <Filter>03. Object\01. DynamicObject</Filter>
    </ClCompile>
    <ClCompile Include="Object\StaticObject.cpp">
      <Filter>03. Object\02. StaticObject</Filter>
    </ClCompile>
    <ClCompile Include="Object\Minion.cpp">
      <Filter>03. Object\01. DynamicObject\02. Enemy</Filter>
    </ClCompile>
    <ClCompile Include="Object\Bullet.cpp">
      <Filter>03. Object\01. DynamicObject\03. Bullet</Filter>
    </ClCompile>
    <ClCompile Include="Core\PathManager.cpp">
      <Filter>01. Core\02. Path</Filter>
    </ClCompile>
    <ClCompile Include="Core\Core.cpp">
      <Filter>01. Core</Filter>
    </ClCompile>
    <ClCompile Include="Resource\ResourceManager.cpp">
      <Filter>04. Resource</Filter>
    </ClCompile>
    <ClCompile Include="Resource\Texture.cpp">
      <Filter>04. Resource</Filter>
    </ClCompile>
  </ItemGroup>
  <ItemGroup>
    <ClInclude Include="Game.h">
      <Filter>헤더 파일</Filter>
    </ClInclude>
    <ClInclude Include="Macro.h">
      <Filter>헤더 파일</Filter>
    </ClInclude>
    <ClInclude Include="resource.h">
      <Filter>헤더 파일</Filter>
    </ClInclude>
    <ClInclude Include="Types.h">
      <Filter>헤더 파일</Filter>
    </ClInclude>
    <ClInclude Include="Scene\SceneManager.h">
      <Filter>02. Scene</Filter>
    </ClInclude>
    <ClInclude Include="Scene\Scene.h">
      <Filter>02. Scene</Filter>
    </ClInclude>
    <ClInclude Include="Scene\InGameScene.h">
      <Filter>02. Scene</Filter>
    </ClInclude>
    <ClInclude Include="Flag.h">
      <Filter>헤더 파일</Filter>
    </ClInclude>
    <ClInclude Include="Core\Timer.h">
      <Filter>01. Core\01. Timer</Filter>
    </ClInclude>
    <ClInclude Include="Scene\Layer.h">
      <Filter>02. Scene\01. Layer</Filter>
    </ClInclude>
    <ClInclude Include="Object\Object.h">
      <Filter>03. Object</Filter>
    </ClInclude>
    <ClInclude Include="Reference.h">
      <Filter>01. Core</Filter>
    </ClInclude>
    <ClInclude Include="Object\Player.h">
      <Filter>03. Object\01. DynamicObject\01. Player</Filter>
    </ClInclude>
    <ClInclude Include="Object\DynamicObject.h">
      <Filter>03. Object\01. DynamicObject</Filter>
    </ClInclude>
    <ClInclude Include="Object\StaticObject.h">
      <Filter>03. Object\02. StaticObject</Filter>
    </ClInclude>
    <ClInclude Include="Object\Minion.h">
      <Filter>03. Object\01. DynamicObject\02. Enemy</Filter>
    </ClInclude>
    <ClInclude Include="Object\Bullet.h">
      <Filter>03. Object\01. DynamicObject\03. Bullet</Filter>
    </ClInclude>
    <ClInclude Include="Core\PathManager.h">
      <Filter>01. Core\02. Path</Filter>
    </ClInclude>
    <ClInclude Include="Core\Core.h">
      <Filter>01. Core</Filter>
    </ClInclude>
    <ClInclude Include="Resource\ResourceManager.h">
      <Filter>04. Resource</Filter>
    </ClInclude>
    <ClInclude Include="Resource\Texture.h">
      <Filter>04. Resource</Filter>
    </ClInclude>
  </ItemGroup>
  <ItemGroup>
    <ResourceCompile Include="APIFramework.rc">
      <Filter>리소스 파일</Filter>
    </ResourceCompile>
  </ItemGroup>
  <ItemGroup>
    <Image Include="icon1.ico">
      <Filter>리소스 파일</Filter>
    </Image>
  </ItemGroup>
</Project>